
Microsoft Visual Studio Solution File, Format Version 12.00
# Visual Studio 2012
Project("{FAE04EC0-301F-11D3-BF4B-00C04F79EFBC}") = "Tinder", "Tinder\Tinder.csproj", "{7ED35262-7097-4D5A-9DEA-669E080903CC}"
EndProject
Global
	GlobalSection(SolutionConfigurationPlatforms) = preSolution
		Debug|Any CPU = Debug|Any CPU
		Release|Any CPU = Release|Any CPU
	EndGlobalSection
	GlobalSection(ProjectConfigurationPlatforms) = postSolution
		{7ED35262-7097-4D5A-9DEA-669E080903CC}.Debug|Any CPU.ActiveCfg = Debug|Any CPU
		{7ED35262-7097-4D5A-9DEA-669E080903CC}.Debug|Any CPU.Build.0 = Debug|Any CPU
		{7ED35262-7097-4D5A-9DEA-669E080903CC}.Release|Any CPU.ActiveCfg = Release|Any CPU
		{7ED35262-7097-4D5A-9DEA-669E080903CC}.Release|Any CPU.Build.0 = Release|Any CPU
	EndGlobalSection
EndGlobal
